
Microsoft Visual Studio Solution File, Format Version 12.00
# Visual Studio Version 17
VisualStudioVersion = 17.4.33213.308
MinimumVisualStudioVersion = 10.0.40219.1
Project("{FAE04EC0-301F-11D3-BF4B-00C04F79EFBC}") = "SqlConnectionDemo", "SqlConnectionDemo.csproj", "{7CA40A69-FC57-475B-A199-DF01474F22BA}"
EndProject
Global
	GlobalSection(SolutionConfigurationPlatforms) = preSolution
		Debug|Any CPU = Debug|Any CPU
		Release|Any CPU = Release|Any CPU
	EndGlobalSection
	GlobalSection(ProjectConfigurationPlatforms) = postSolution
		{7CA40A69-FC57-475B-A199-DF01474F22BA}.Debug|Any CPU.ActiveCfg = Debug|Any CPU
		{7CA40A69-FC57-475B-A199-DF01474F22BA}.Debug|Any CPU.Build.0 = Debug|Any CPU
		{7CA40A69-FC57-475B-A199-DF01474F22BA}.Release|Any CPU.ActiveCfg = Release|Any CPU
		{7CA40A69-FC57-475B-A199-DF01474F22BA}.Release|Any CPU.Build.0 = Release|Any CPU
	EndGlobalSection
	GlobalSection(SolutionProperties) = preSolution
		HideSolutionNode = FALSE
	EndGlobalSection
	GlobalSection(ExtensibilityGlobals) = postSolution
		SolutionGuid = {3150C64B-5AEB-4A32-AD1F-93AAB2BC0027}
	EndGlobalSection
EndGlobal
